
Microsoft Visual Studio Solution File, Format Version 12.00
# Visual Studio Version 17
VisualStudioVersion = 17.8.34316.72
MinimumVisualStudioVersion = 10.0.40219.1
Project("{FAE04EC0-301F-11D3-BF4B-00C04F79EFBC}") = "WebApplication8", "WebApplication8\WebApplication8.csproj", "{7B89FBAE-4DC8-4572-98D7-634D42FB7B0F}"
EndProject
Global
	GlobalSection(SolutionConfigurationPlatforms) = preSolution
		Debug|Any CPU = Debug|Any CPU
		Release|Any CPU = Release|Any CPU
	EndGlobalSection
	GlobalSection(ProjectConfigurationPlatforms) = postSolution
		{7B89FBAE-4DC8-4572-98D7-634D42FB7B0F}.Debug|Any CPU.ActiveCfg = Debug|Any CPU
		{7B89FBAE-4DC8-4572-98D7-634D42FB7B0F}.Debug|Any CPU.Build.0 = Debug|Any CPU
		{7B89FBAE-4DC8-4572-98D7-634D42FB7B0F}.Release|Any CPU.ActiveCfg = Release|Any CPU
		{7B89FBAE-4DC8-4572-98D7-634D42FB7B0F}.Release|Any CPU.Build.0 = Release|Any CPU
	EndGlobalSection
	GlobalSection(SolutionProperties) = preSolution
		HideSolutionNode = FALSE
	EndGlobalSection
	GlobalSection(ExtensibilityGlobals) = postSolution
		SolutionGuid = {910435CF-4562-4F37-BBD4-F7D3AEECC58A}
	EndGlobalSection
EndGlobal
