
Microsoft Visual Studio Solution File, Format Version 12.00
# Visual Studio Version 17
VisualStudioVersion = 17.8.34316.72
MinimumVisualStudioVersion = 10.0.40219.1
Project("{FAE04EC0-301F-11D3-BF4B-00C04F79EFBC}") = "WebApplication10", "WebApplication10\WebApplication10.csproj", "{DEAB3F12-EE77-4704-B055-5BEEDD9F635E}"
EndProject
Global
	GlobalSection(SolutionConfigurationPlatforms) = preSolution
		Debug|Any CPU = Debug|Any CPU
		Release|Any CPU = Release|Any CPU
	EndGlobalSection
	GlobalSection(ProjectConfigurationPlatforms) = postSolution
		{DEAB3F12-EE77-4704-B055-5BEEDD9F635E}.Debug|Any CPU.ActiveCfg = Debug|Any CPU
		{DEAB3F12-EE77-4704-B055-5BEEDD9F635E}.Debug|Any CPU.Build.0 = Debug|Any CPU
		{DEAB3F12-EE77-4704-B055-5BEEDD9F635E}.Release|Any CPU.ActiveCfg = Release|Any CPU
		{DEAB3F12-EE77-4704-B055-5BEEDD9F635E}.Release|Any CPU.Build.0 = Release|Any CPU
	EndGlobalSection
	GlobalSection(SolutionProperties) = preSolution
		HideSolutionNode = FALSE
	EndGlobalSection
	GlobalSection(ExtensibilityGlobals) = postSolution
		SolutionGuid = {166E0EDA-176A-4A8C-84C5-814E9F92797A}
	EndGlobalSection
EndGlobal
