
Microsoft Visual Studio Solution File, Format Version 12.00
# Visual Studio Version 17
VisualStudioVersion = 17.8.34316.72
MinimumVisualStudioVersion = 10.0.40219.1
Project("{FAE04EC0-301F-11D3-BF4B-00C04F79EFBC}") = "WebApplication5", "WebApplication5\WebApplication5.csproj", "{F56A07DB-E080-488E-B28E-BEEA1C27AE25}"
EndProject
Project("{FAE04EC0-301F-11D3-BF4B-00C04F79EFBC}") = "RazorSyntax", "RazorSyntax\RazorSyntax.csproj", "{FAC5C80B-042C-494B-97F5-227DAD31AE27}"
EndProject
Global
	GlobalSection(SolutionConfigurationPlatforms) = preSolution
		Debug|Any CPU = Debug|Any CPU
		Release|Any CPU = Release|Any CPU
	EndGlobalSection
	GlobalSection(ProjectConfigurationPlatforms) = postSolution
		{F56A07DB-E080-488E-B28E-BEEA1C27AE25}.Debug|Any CPU.ActiveCfg = Debug|Any CPU
		{F56A07DB-E080-488E-B28E-BEEA1C27AE25}.Debug|Any CPU.Build.0 = Debug|Any CPU
		{F56A07DB-E080-488E-B28E-BEEA1C27AE25}.Release|Any CPU.ActiveCfg = Release|Any CPU
		{F56A07DB-E080-488E-B28E-BEEA1C27AE25}.Release|Any CPU.Build.0 = Release|Any CPU
		{FAC5C80B-042C-494B-97F5-227DAD31AE27}.Debug|Any CPU.ActiveCfg = Debug|Any CPU
		{FAC5C80B-042C-494B-97F5-227DAD31AE27}.Debug|Any CPU.Build.0 = Debug|Any CPU
		{FAC5C80B-042C-494B-97F5-227DAD31AE27}.Release|Any CPU.ActiveCfg = Release|Any CPU
		{FAC5C80B-042C-494B-97F5-227DAD31AE27}.Release|Any CPU.Build.0 = Release|Any CPU
	EndGlobalSection
	GlobalSection(SolutionProperties) = preSolution
		HideSolutionNode = FALSE
	EndGlobalSection
	GlobalSection(ExtensibilityGlobals) = postSolution
		SolutionGuid = {EA20D72F-A3CB-4D60-944F-A8E7E8DD24F9}
	EndGlobalSection
EndGlobal
